
Microsoft Visual Studio Solution File, Format Version 12.00
# Visual Studio Version 16
VisualStudioVersion = 16.0.31424.327
MinimumVisualStudioVersion = 10.0.40219.1
Project("{FAE04EC0-301F-11D3-BF4B-00C04F79EFBC}") = "SkiaHarfbuzzCSharp", "SkiaHarfbuzzCSharp\SkiaHarfbuzzCSharp.csproj", "{6EEBAA78-12AF-4D3F-ADEC-43FA6989526E}"
EndProject
Global
	GlobalSection(SolutionConfigurationPlatforms) = preSolution
		Debug|Any CPU = Debug|Any CPU
		Release|Any CPU = Release|Any CPU
	EndGlobalSection
	GlobalSection(ProjectConfigurationPlatforms) = postSolution
		{6EEBAA78-12AF-4D3F-ADEC-43FA6989526E}.Debug|Any CPU.ActiveCfg = Debug|Any CPU
		{6EEBAA78-12AF-4D3F-ADEC-43FA6989526E}.Debug|Any CPU.Build.0 = Debug|Any CPU
		{6EEBAA78-12AF-4D3F-ADEC-43FA6989526E}.Release|Any CPU.ActiveCfg = Release|Any CPU
		{6EEBAA78-12AF-4D3F-ADEC-43FA6989526E}.Release|Any CPU.Build.0 = Release|Any CPU
	EndGlobalSection
	GlobalSection(SolutionProperties) = preSolution
		HideSolutionNode = FALSE
	EndGlobalSection
	GlobalSection(ExtensibilityGlobals) = postSolution
		SolutionGuid = {4C3456D3-95A2-4A82-B219-D7F1D8329F80}
	EndGlobalSection
EndGlobal
